
Microsoft Visual Studio Solution File, Format Version 12.00
# Visual Studio Version 17
VisualStudioVersion = 17.4.33213.308
MinimumVisualStudioVersion = 10.0.40219.1
Project("{FAE04EC0-301F-11D3-BF4B-00C04F79EFBC}") = "MatchingGame", "MatchingGame\MatchingGame.csproj", "{B7DD7523-1B4D-4D38-82C4-E70EF1004A11}"
EndProject
Global
	GlobalSection(SolutionConfigurationPlatforms) = preSolution
		Debug|Any CPU = Debug|Any CPU
		Release|Any CPU = Release|Any CPU
	EndGlobalSection
	GlobalSection(ProjectConfigurationPlatforms) = postSolution
		{B7DD7523-1B4D-4D38-82C4-E70EF1004A11}.Debug|Any CPU.ActiveCfg = Debug|Any CPU
		{B7DD7523-1B4D-4D38-82C4-E70EF1004A11}.Debug|Any CPU.Build.0 = Debug|Any CPU
		{B7DD7523-1B4D-4D38-82C4-E70EF1004A11}.Release|Any CPU.ActiveCfg = Release|Any CPU
		{B7DD7523-1B4D-4D38-82C4-E70EF1004A11}.Release|Any CPU.Build.0 = Release|Any CPU
	EndGlobalSection
	GlobalSection(SolutionProperties) = preSolution
		HideSolutionNode = FALSE
	EndGlobalSection
	GlobalSection(ExtensibilityGlobals) = postSolution
		SolutionGuid = {6E09292D-8839-45F9-B2AB-8620F2CDB3C3}
	EndGlobalSection
EndGlobal
